// !$*UTF8*$!
{
	archiveVersion = 1;
	classes = {
	};
	objectVersion = 50;
	objects = {

/* Begin PBXBuildFile section */
		682B10D72A54570400CE2442 /* DetailViewController.swift in Sources */ = {isa = PBXBuildFile; fileRef = 682B10D62A54570400CE2442 /* DetailViewController.swift */; };
		6831E4222A553FDC00F6D47A /* DetailsModel.swift in Sources */ = {isa = PBXBuildFile; fileRef = 6831E4212A553FDC00F6D47A /* DetailsModel.swift */; };
		6831E4232A553FDC00F6D47A /* DetailsModel.swift in Sources */ = {isa = PBXBuildFile; fileRef = 6831E4212A553FDC00F6D47A /* DetailsModel.swift */; };
		6831E4262A557C2200F6D47A /* Languages+CoreDataClass.swift in Sources */ = {isa = PBXBuildFile; fileRef = 6831E4242A557C2200F6D47A /* Languages+CoreDataClass.swift */; };
		6831E4272A557C2200F6D47A /* Languages+CoreDataClass.swift in Sources */ = {isa = PBXBuildFile; fileRef = 6831E4242A557C2200F6D47A /* Languages+CoreDataClass.swift */; };
		6831E4282A557C2200F6D47A /* Languages+CoreDataProperties.swift in Sources */ = {isa = PBXBuildFile; fileRef = 6831E4252A557C2200F6D47A /* Languages+CoreDataProperties.swift */; };
		6831E4292A557C2200F6D47A /* Languages+CoreDataProperties.swift in Sources */ = {isa = PBXBuildFile; fileRef = 6831E4252A557C2200F6D47A /* Languages+CoreDataProperties.swift */; };
		6831E4522A558EB700F6D47A /* CoreDataStack.swift in Sources */ = {isa = PBXBuildFile; fileRef = 6831E4512A558EB700F6D47A /* CoreDataStack.swift */; };
		68361EC92A5034630022A6D7 /* AppDelegate.swift in Sources */ = {isa = PBXBuildFile; fileRef = 68361EC82A5034630022A6D7 /* AppDelegate.swift */; };
		68361ECB2A5034630022A6D7 /* ViewController.swift in Sources */ = {isa = PBXBuildFile; fileRef = 68361ECA2A5034630022A6D7 /* ViewController.swift */; };
		68361ECE2A5034630022A6D7 /* Main.storyboard in Resources */ = {isa = PBXBuildFile; fileRef = 68361ECC2A5034630022A6D7 /* Main.storyboard */; };
		68361ED12A5034630022A6D7 /* TechmentAssignment.xcdatamodeld in Sources */ = {isa = PBXBuildFile; fileRef = 68361ECF2A5034630022A6D7 /* TechmentAssignment.xcdatamodeld */; };
		68361ED32A50346E0022A6D7 /* Assets.xcassets in Resources */ = {isa = PBXBuildFile; fileRef = 68361ED22A50346E0022A6D7 /* Assets.xcassets */; };
		68361ED62A50346E0022A6D7 /* LaunchScreen.storyboard in Resources */ = {isa = PBXBuildFile; fileRef = 68361ED42A50346E0022A6D7 /* LaunchScreen.storyboard */; };
		68361EE12A50346F0022A6D7 /* TechmentAssignmentTests.swift in Sources */ = {isa = PBXBuildFile; fileRef = 68361EE02A50346F0022A6D7 /* TechmentAssignmentTests.swift */; };
		68361EEC2A50346F0022A6D7 /* TechmentAssignmentUITests.swift in Sources */ = {isa = PBXBuildFile; fileRef = 68361EEB2A50346F0022A6D7 /* TechmentAssignmentUITests.swift */; };
		68B2CDC62A52D0020005CE25 /* HomeViewController.swift in Sources */ = {isa = PBXBuildFile; fileRef = 68B2CDC52A52D0020005CE25 /* HomeViewController.swift */; };
		68B2CDC92A52E6E60005CE25 /* AppUtility.swift in Sources */ = {isa = PBXBuildFile; fileRef = 68B2CDC82A52E6E60005CE25 /* AppUtility.swift */; };
		68B2CDCB2A52F4910005CE25 /* APIService.swift in Sources */ = {isa = PBXBuildFile; fileRef = 68B2CDCA2A52F4910005CE25 /* APIService.swift */; };
		68B2CDCC2A52F4910005CE25 /* APIService.swift in Sources */ = {isa = PBXBuildFile; fileRef = 68B2CDCA2A52F4910005CE25 /* APIService.swift */; };
		68B2CDCE2A52F6180005CE25 /* ProgLangModel.swift in Sources */ = {isa = PBXBuildFile; fileRef = 68B2CDCD2A52F6180005CE25 /* ProgLangModel.swift */; };
		68B2CDCF2A52F6180005CE25 /* ProgLangModel.swift in Sources */ = {isa = PBXBuildFile; fileRef = 68B2CDCD2A52F6180005CE25 /* ProgLangModel.swift */; };
		68B2CDD12A5337050005CE25 /* HomeViewModel.swift in Sources */ = {isa = PBXBuildFile; fileRef = 68B2CDD02A5337050005CE25 /* HomeViewModel.swift */; };
		68B2CDD22A5337050005CE25 /* HomeViewModel.swift in Sources */ = {isa = PBXBuildFile; fileRef = 68B2CDD02A5337050005CE25 /* HomeViewModel.swift */; };
		68B2CDD52A534BB40005CE25 /* CustomTableViewCell.swift in Sources */ = {isa = PBXBuildFile; fileRef = 68B2CDD42A534BB40005CE25 /* CustomTableViewCell.swift */; };
		68B2CDD62A534BB40005CE25 /* CustomTableViewCell.swift in Sources */ = {isa = PBXBuildFile; fileRef = 68B2CDD42A534BB40005CE25 /* CustomTableViewCell.swift */; };
/* End PBXBuildFile section */

/* Begin PBXContainerItemProxy section */
		68361EDD2A50346F0022A6D7 /* PBXContainerItemProxy */ = {
			isa = PBXContainerItemProxy;
			containerPortal = 68361EBD2A5034630022A6D7 /* Project object */;
			proxyType = 1;
			remoteGlobalIDString = 68361EC42A5034630022A6D7;
			remoteInfo = TechmentAssignment;
		};
		68361EE82A50346F0022A6D7 /* PBXContainerItemProxy */ = {
			isa = PBXContainerItemProxy;
			containerPortal = 68361EBD2A5034630022A6D7 /* Project object */;
			proxyType = 1;
			remoteGlobalIDString = 68361EC42A5034630022A6D7;
			remoteInfo = TechmentAssignment;
		};
/* End PBXContainerItemProxy section */

/* Begin PBXFileReference section */
		682B10D62A54570400CE2442 /* DetailViewController.swift */ = {isa = PBXFileReference; lastKnownFileType = sourcecode.swift; path = DetailViewController.swift; sourceTree = "<group>"; };
		6831E4212A553FDC00F6D47A /* DetailsModel.swift */ = {isa = PBXFileReference; lastKnownFileType = sourcecode.swift; path = DetailsModel.swift; sourceTree = "<group>"; };
		6831E4242A557C2200F6D47A /* Languages+CoreDataClass.swift */ = {isa = PBXFileReference; lastKnownFileType = sourcecode.swift; path = "Languages+CoreDataClass.swift"; sourceTree = "<group>"; };
		6831E4252A557C2200F6D47A /* Languages+CoreDataProperties.swift */ = {isa = PBXFileReference; lastKnownFileType = sourcecode.swift; path = "Languages+CoreDataProperties.swift"; sourceTree = "<group>"; };
		6831E4512A558EB700F6D47A /* CoreDataStack.swift */ = {isa = PBXFileReference; lastKnownFileType = sourcecode.swift; path = CoreDataStack.swift; sourceTree = "<group>"; };
		68361EC52A5034630022A6D7 /* TechmentAssignment.app */ = {isa = PBXFileReference; explicitFileType = wrapper.application; includeInIndex = 0; path = TechmentAssignment.app; sourceTree = BUILT_PRODUCTS_DIR; };
		68361EC82A5034630022A6D7 /* AppDelegate.swift */ = {isa = PBXFileReference; lastKnownFileType = sourcecode.swift; path = AppDelegate.swift; sourceTree = "<group>"; };
		68361ECA2A5034630022A6D7 /* ViewController.swift */ = {isa = PBXFileReference; lastKnownFileType = sourcecode.swift; path = ViewController.swift; sourceTree = "<group>"; };
		68361ECD2A5034630022A6D7 /* Base */ = {isa = PBXFileReference; lastKnownFileType = file.storyboard; name = Base; path = Base.lproj/Main.storyboard; sourceTree = "<group>"; };
		68361ED02A5034630022A6D7 /* TechmentAssignment.xcdatamodel */ = {isa = PBXFileReference; lastKnownFileType = wrapper.xcdatamodel; path = TechmentAssignment.xcdatamodel; sourceTree = "<group>"; };
		68361ED22A50346E0022A6D7 /* Assets.xcassets */ = {isa = PBXFileReference; lastKnownFileType = folder.assetcatalog; path = Assets.xcassets; sourceTree = "<group>"; };
		68361ED52A50346E0022A6D7 /* Base */ = {isa = PBXFileReference; lastKnownFileType = file.storyboard; name = Base; path = Base.lproj/LaunchScreen.storyboard; sourceTree = "<group>"; };
		68361ED72A50346F0022A6D7 /* Info.plist */ = {isa = PBXFileReference; lastKnownFileType = text.plist.xml; path = Info.plist; sourceTree = "<group>"; };
		68361EDC2A50346F0022A6D7 /* TechmentAssignmentTests.xctest */ = {isa = PBXFileReference; explicitFileType = wrapper.cfbundle; includeInIndex = 0; path = TechmentAssignmentTests.xctest; sourceTree = BUILT_PRODUCTS_DIR; };
		68361EE02A50346F0022A6D7 /* TechmentAssignmentTests.swift */ = {isa = PBXFileReference; lastKnownFileType = sourcecode.swift; path = TechmentAssignmentTests.swift; sourceTree = "<group>"; };
		68361EE22A50346F0022A6D7 /* Info.plist */ = {isa = PBXFileReference; lastKnownFileType = text.plist.xml; path = Info.plist; sourceTree = "<group>"; };
		68361EE72A50346F0022A6D7 /* TechmentAssignmentUITests.xctest */ = {isa = PBXFileReference; explicitFileType = wrapper.cfbundle; includeInIndex = 0; path = TechmentAssignmentUITests.xctest; sourceTree = BUILT_PRODUCTS_DIR; };
		68361EEB2A50346F0022A6D7 /* TechmentAssignmentUITests.swift */ = {isa = PBXFileReference; lastKnownFileType = sourcecode.swift; path = TechmentAssignmentUITests.swift; sourceTree = "<group>"; };
		68361EED2A50346F0022A6D7 /* Info.plist */ = {isa = PBXFileReference; lastKnownFileType = text.plist.xml; path = Info.plist; sourceTree = "<group>"; };
		68B2CDC52A52D0020005CE25 /* HomeViewController.swift */ = {isa = PBXFileReference; lastKnownFileType = sourcecode.swift; path = HomeViewController.swift; sourceTree = "<group>"; };
		68B2CDC82A52E6E60005CE25 /* AppUtility.swift */ = {isa = PBXFileReference; lastKnownFileType = sourcecode.swift; path = AppUtility.swift; sourceTree = "<group>"; };
		68B2CDCA2A52F4910005CE25 /* APIService.swift */ = {isa = PBXFileReference; lastKnownFileType = sourcecode.swift; path = APIService.swift; sourceTree = "<group>"; };
		68B2CDCD2A52F6180005CE25 /* ProgLangModel.swift */ = {isa = PBXFileReference; lastKnownFileType = sourcecode.swift; path = ProgLangModel.swift; sourceTree = "<group>"; };
		68B2CDD02A5337050005CE25 /* HomeViewModel.swift */ = {isa = PBXFileReference; lastKnownFileType = sourcecode.swift; path = HomeViewModel.swift; sourceTree = "<group>"; };
		68B2CDD42A534BB40005CE25 /* CustomTableViewCell.swift */ = {isa = PBXFileReference; lastKnownFileType = sourcecode.swift; path = CustomTableViewCell.swift; sourceTree = "<group>"; };
/* End PBXFileReference section */

/* Begin PBXFrameworksBuildPhase section */
		68361EC22A5034630022A6D7 /* Frameworks */ = {
			isa = PBXFrameworksBuildPhase;
			buildActionMask = 2147483647;
			files = (
			);
			runOnlyForDeploymentPostprocessing = 0;
		};
		68361ED92A50346F0022A6D7 /* Frameworks */ = {
			isa = PBXFrameworksBuildPhase;
			buildActionMask = 2147483647;
			files = (
			);
			runOnlyForDeploymentPostprocessing = 0;
		};
		68361EE42A50346F0022A6D7 /* Frameworks */ = {
			isa = PBXFrameworksBuildPhase;
			buildActionMask = 2147483647;
			files = (
			);
			runOnlyForDeploymentPostprocessing = 0;
		};
/* End PBXFrameworksBuildPhase section */

/* Begin PBXGroup section */
		68361EBC2A5034630022A6D7 = {
			isa = PBXGroup;
			children = (
				6831E4242A557C2200F6D47A /* Languages+CoreDataClass.swift */,
				6831E4252A557C2200F6D47A /* Languages+CoreDataProperties.swift */,
				68361EC72A5034630022A6D7 /* TechmentAssignment */,
				68361EDF2A50346F0022A6D7 /* TechmentAssignmentTests */,
				68361EEA2A50346F0022A6D7 /* TechmentAssignmentUITests */,
				68361EC62A5034630022A6D7 /* Products */,
			);
			sourceTree = "<group>";
		};
		68361EC62A5034630022A6D7 /* Products */ = {
			isa = PBXGroup;
			children = (
				68361EC52A5034630022A6D7 /* TechmentAssignment.app */,
				68361EDC2A50346F0022A6D7 /* TechmentAssignmentTests.xctest */,
				68361EE72A50346F0022A6D7 /* TechmentAssignmentUITests.xctest */,
			);
			name = Products;
			sourceTree = "<group>";
		};
		68361EC72A5034630022A6D7 /* TechmentAssignment */ = {
			isa = PBXGroup;
			children = (
				68B2CDD32A534B910005CE25 /* View */,
				68B2CDC72A52E6CF0005CE25 /* Utility */,
				68361EFA2A5035010022A6D7 /* ViewModel */,
				68361EFB2A50350B0022A6D7 /* Controller */,
				68361EF92A5034F50022A6D7 /* Model */,
				68361EC82A5034630022A6D7 /* AppDelegate.swift */,
				68361ECC2A5034630022A6D7 /* Main.storyboard */,
				68361ED22A50346E0022A6D7 /* Assets.xcassets */,
				68361ED42A50346E0022A6D7 /* LaunchScreen.storyboard */,
				68361ED72A50346F0022A6D7 /* Info.plist */,
				68361ECF2A5034630022A6D7 /* TechmentAssignment.xcdatamodeld */,
			);
			path = TechmentAssignment;
			sourceTree = "<group>";
		};
		68361EDF2A50346F0022A6D7 /* TechmentAssignmentTests */ = {
			isa = PBXGroup;
			children = (
				68361EE02A50346F0022A6D7 /* TechmentAssignmentTests.swift */,
				68361EE22A50346F0022A6D7 /* Info.plist */,
			);
			path = TechmentAssignmentTests;
			sourceTree = "<group>";
		};
		68361EEA2A50346F0022A6D7 /* TechmentAssignmentUITests */ = {
			isa = PBXGroup;
			children = (
				68361EEB2A50346F0022A6D7 /* TechmentAssignmentUITests.swift */,
				68361EED2A50346F0022A6D7 /* Info.plist */,
			);
			path = TechmentAssignmentUITests;
			sourceTree = "<group>";
		};
		68361EF92A5034F50022A6D7 /* Model */ = {
			isa = PBXGroup;
			children = (
				68B2CDCD2A52F6180005CE25 /* ProgLangModel.swift */,
				6831E4212A553FDC00F6D47A /* DetailsModel.swift */,
				6831E4512A558EB700F6D47A /* CoreDataStack.swift */,
			);
			path = Model;
			sourceTree = "<group>";
		};
		68361EFA2A5035010022A6D7 /* ViewModel */ = {
			isa = PBXGroup;
			children = (
				68B2CDD02A5337050005CE25 /* HomeViewModel.swift */,
			);
			path = ViewModel;
			sourceTree = "<group>";
		};
		68361EFB2A50350B0022A6D7 /* Controller */ = {
			isa = PBXGroup;
			children = (
				68361ECA2A5034630022A6D7 /* ViewController.swift */,
				68B2CDC52A52D0020005CE25 /* HomeViewController.swift */,
				682B10D62A54570400CE2442 /* DetailViewController.swift */,
			);
			path = Controller;
			sourceTree = "<group>";
		};
		68B2CDC72A52E6CF0005CE25 /* Utility */ = {
			isa = PBXGroup;
			children = (
				68B2CDC82A52E6E60005CE25 /* AppUtility.swift */,
				68B2CDCA2A52F4910005CE25 /* APIService.swift */,
			);
			path = Utility;
			sourceTree = "<group>";
		};
		68B2CDD32A534B910005CE25 /* View */ = {
			isa = PBXGroup;
			children = (
				68B2CDD42A534BB40005CE25 /* CustomTableViewCell.swift */,
			);
			path = View;
			sourceTree = "<group>";
		};
/* End PBXGroup section */

/* Begin PBXNativeTarget section */
		68361EC42A5034630022A6D7 /* TechmentAssignment */ = {
			isa = PBXNativeTarget;
			buildConfigurationList = 68361EF02A50346F0022A6D7 /* Build configuration list for PBXNativeTarget "TechmentAssignment" */;
			buildPhases = (
				68361EC12A5034630022A6D7 /* Sources */,
				68361EC22A5034630022A6D7 /* Frameworks */,
				68361EC32A5034630022A6D7 /* Resources */,
			);
			buildRules = (
			);
			dependencies = (
			);
			name = TechmentAssignment;
			productName = TechmentAssignment;
			productReference = 68361EC52A5034630022A6D7 /* TechmentAssignment.app */;
			productType = "com.apple.product-type.application";
		};
		68361EDB2A50346F0022A6D7 /* TechmentAssignmentTests */ = {
			isa = PBXNativeTarget;
			buildConfigurationList = 68361EF32A50346F0022A6D7 /* Build configuration list for PBXNativeTarget "TechmentAssignmentTests" */;
			buildPhases = (
				68361ED82A50346F0022A6D7 /* Sources */,
				68361ED92A50346F0022A6D7 /* Frameworks */,
				68361EDA2A50346F0022A6D7 /* Resources */,
			);
			buildRules = (
			);
			dependencies = (
				68361EDE2A50346F0022A6D7 /* PBXTargetDependency */,
			);
			name = TechmentAssignmentTests;
			productName = TechmentAssignmentTests;
			productReference = 68361EDC2A50346F0022A6D7 /* TechmentAssignmentTests.xctest */;
			productType = "com.apple.product-type.bundle.unit-test";
		};
		68361EE62A50346F0022A6D7 /* TechmentAssignmentUITests */ = {
			isa = PBXNativeTarget;
			buildConfigurationList = 68361EF62A50346F0022A6D7 /* Build configuration list for PBXNativeTarget "TechmentAssignmentUITests" */;
			buildPhases = (
				68361EE32A50346F0022A6D7 /* Sources */,
				68361EE42A50346F0022A6D7 /* Frameworks */,
				68361EE52A50346F0022A6D7 /* Resources */,
			);
			buildRules = (
			);
			dependencies = (
				68361EE92A50346F0022A6D7 /* PBXTargetDependency */,
			);
			name = TechmentAssignmentUITests;
			productName = TechmentAssignmentUITests;
			productReference = 68361EE72A50346F0022A6D7 /* TechmentAssignmentUITests.xctest */;
			productType = "com.apple.product-type.bundle.ui-testing";
		};
/* End PBXNativeTarget section */

/* Begin PBXProject section */
		68361EBD2A5034630022A6D7 /* Project object */ = {
			isa = PBXProject;
			attributes = {
				LastSwiftUpdateCheck = 0930;
				LastUpgradeCheck = 0930;
				ORGANIZATIONNAME = NayomeDevapriyaAnga;
				TargetAttributes = {
					68361EC42A5034630022A6D7 = {
						CreatedOnToolsVersion = 9.3;
					};
					68361EDB2A50346F0022A6D7 = {
						CreatedOnToolsVersion = 9.3;
						TestTargetID = 68361EC42A5034630022A6D7;
					};
					68361EE62A50346F0022A6D7 = {
						CreatedOnToolsVersion = 9.3;
						TestTargetID = 68361EC42A5034630022A6D7;
					};
				};
			};
			buildConfigurationList = 68361EC02A5034630022A6D7 /* Build configuration list for PBXProject "TechmentAssignment" */;
			compatibilityVersion = "Xcode 9.3";
			developmentRegion = en;
			hasScannedForEncodings = 0;
			knownRegions = (
				en,
				Base,
			);
			mainGroup = 68361EBC2A5034630022A6D7;
			productRefGroup = 68361EC62A5034630022A6D7 /* Products */;
			projectDirPath = "";
			projectRoot = "";
			targets = (
				68361EC42A5034630022A6D7 /* TechmentAssignment */,
				68361EDB2A50346F0022A6D7 /* TechmentAssignmentTests */,
				68361EE62A50346F0022A6D7 /* TechmentAssignmentUITests */,
			);
		};
/* End PBXProject section */

/* Begin PBXResourcesBuildPhase section */
		68361EC32A5034630022A6D7 /* Resources */ = {
			isa = PBXResourcesBuildPhase;
			buildActionMask = 2147483647;
			files = (
				68361ED62A50346E0022A6D7 /* LaunchScreen.storyboard in Resources */,
				68361ED32A50346E0022A6D7 /* Assets.xcassets in Resources */,
				68361ECE2A5034630022A6D7 /* Main.storyboard in Resources */,
			);
			runOnlyForDeploymentPostprocessing = 0;
		};
		68361EDA2A50346F0022A6D7 /* Resources */ = {
			isa = PBXResourcesBuildPhase;
			buildActionMask = 2147483647;
			files = (
			);
			runOnlyForDeploymentPostprocessing = 0;
		};
		68361EE52A50346F0022A6D7 /* Resources */ = {
			isa = PBXResourcesBuildPhase;
			buildActionMask = 2147483647;
			files = (
			);
			runOnlyForDeploymentPostprocessing = 0;
		};
/* End PBXResourcesBuildPhase section */

/* Begin PBXSourcesBuildPhase section */
		68361EC12A5034630022A6D7 /* Sources */ = {
			isa = PBXSourcesBuildPhase;
			buildActionMask = 2147483647;
			files = (
				6831E4522A558EB700F6D47A /* CoreDataStack.swift in Sources */,
				68B2CDD52A534BB40005CE25 /* CustomTableViewCell.swift in Sources */,
				68361ED12A5034630022A6D7 /* TechmentAssignment.xcdatamodeld in Sources */,
				68361ECB2A5034630022A6D7 /* ViewController.swift in Sources */,
				68B2CDC92A52E6E60005CE25 /* AppUtility.swift in Sources */,
				6831E4222A553FDC00F6D47A /* DetailsModel.swift in Sources */,
				6831E4282A557C2200F6D47A /* Languages+CoreDataProperties.swift in Sources */,
				68B2CDD12A5337050005CE25 /* HomeViewModel.swift in Sources */,
				68361EC92A5034630022A6D7 /* AppDelegate.swift in Sources */,
				68B2CDCB2A52F4910005CE25 /* APIService.swift in Sources */,
				682B10D72A54570400CE2442 /* DetailViewController.swift in Sources */,
				68B2CDC62A52D0020005CE25 /* HomeViewController.swift in Sources */,
				68B2CDCE2A52F6180005CE25 /* ProgLangModel.swift in Sources */,
				6831E4262A557C2200F6D47A /* Languages+CoreDataClass.swift in Sources */,
			);
			runOnlyForDeploymentPostprocessing = 0;
		};
		68361ED82A50346F0022A6D7 /* Sources */ = {
			isa = PBXSourcesBuildPhase;
			buildActionMask = 2147483647;
			files = (
				68B2CDCF2A52F6180005CE25 /* ProgLangModel.swift in Sources */,
				68B2CDD62A534BB40005CE25 /* CustomTableViewCell.swift in Sources */,
				6831E4272A557C2200F6D47A /* Languages+CoreDataClass.swift in Sources */,
				68B2CDCC2A52F4910005CE25 /* APIService.swift in Sources */,
				6831E4292A557C2200F6D47A /* Languages+CoreDataProperties.swift in Sources */,
				6831E4232A553FDC00F6D47A /* DetailsModel.swift in Sources */,
				68361EE12A50346F0022A6D7 /* TechmentAssignmentTests.swift in Sources */,
				68B2CDD22A5337050005CE25 /* HomeViewModel.swift in Sources */,
			);
			runOnlyForDeploymentPostprocessing = 0;
		};
		68361EE32A50346F0022A6D7 /* Sources */ = {
			isa = PBXSourcesBuildPhase;
			buildActionMask = 2147483647;
			files = (
				68361EEC2A50346F0022A6D7 /* TechmentAssignmentUITests.swift in Sources */,
			);
			runOnlyForDeploymentPostprocessing = 0;
		};
/* End PBXSourcesBuildPhase section */

/* Begin PBXTargetDependency section */
		68361EDE2A50346F0022A6D7 /* PBXTargetDependency */ = {
			isa = PBXTargetDependency;
			target = 68361EC42A5034630022A6D7 /* TechmentAssignment */;
			targetProxy = 68361EDD2A50346F0022A6D7 /* PBXContainerItemProxy */;
		};
		68361EE92A50346F0022A6D7 /* PBXTargetDependency */ = {
			isa = PBXTargetDependency;
			target = 68361EC42A5034630022A6D7 /* TechmentAssignment */;
			targetProxy = 68361EE82A50346F0022A6D7 /* PBXContainerItemProxy */;
		};
/* End PBXTargetDependency section */

/* Begin PBXVariantGroup section */
		68361ECC2A5034630022A6D7 /* Main.storyboard */ = {
			isa = PBXVariantGroup;
			children = (
				68361ECD2A5034630022A6D7 /* Base */,
			);
			name = Main.storyboard;
			sourceTree = "<group>";
		};
		68361ED42A50346E0022A6D7 /* LaunchScreen.storyboard */ = {
			isa = PBXVariantGroup;
			children = (
				68361ED52A50346E0022A6D7 /* Base */,
			);
			name = LaunchScreen.storyboard;
			sourceTree = "<group>";
		};
/* End PBXVariantGroup section */

/* Begin XCBuildConfiguration section */
		68361EEE2A50346F0022A6D7 /* Debug */ = {
			isa = XCBuildConfiguration;
			buildSettings = {
				ALWAYS_SEARCH_USER_PATHS = NO;
				CLANG_ANALYZER_NONNULL = YES;
				CLANG_ANALYZER_NUMBER_OBJECT_CONVERSION = YES_AGGRESSIVE;
				CLANG_CXX_LANGUAGE_STANDARD = "gnu++14";
				CLANG_CXX_LIBRARY = "libc++";
				CLANG_ENABLE_MODULES = YES;
				CLANG_ENABLE_OBJC_ARC = YES;
				CLANG_ENABLE_OBJC_WEAK = YES;
				CLANG_WARN_BLOCK_CAPTURE_AUTORELEASING = YES;
				CLANG_WARN_BOOL_CONVERSION = YES;
				CLANG_WARN_COMMA = YES;
				CLANG_WARN_CONSTANT_CONVERSION = YES;
				CLANG_WARN_DEPRECATED_OBJC_IMPLEMENTATIONS = YES;
				CLANG_WARN_DIRECT_OBJC_ISA_USAGE = YES_ERROR;
				CLANG_WARN_DOCUMENTATION_COMMENTS = YES;
				CLANG_WARN_EMPTY_BODY = YES;
				CLANG_WARN_ENUM_CONVERSION = YES;
				CLANG_WARN_INFINITE_RECURSION = YES;
				CLANG_WARN_INT_CONVERSION = YES;
				CLANG_WARN_NON_LITERAL_NULL_CONVERSION = YES;
				CLANG_WARN_OBJC_IMPLICIT_RETAIN_SELF = YES;
				CLANG_WARN_OBJC_LITERAL_CONVERSION = YES;
				CLANG_WARN_OBJC_ROOT_CLASS = YES_ERROR;
				CLANG_WARN_RANGE_LOOP_ANALYSIS = YES;
				CLANG_WARN_STRICT_PROTOTYPES = YES;
				CLANG_WARN_SUSPICIOUS_MOVE = YES;
				CLANG_WARN_UNGUARDED_AVAILABILITY = YES_AGGRESSIVE;
				CLANG_WARN_UNREACHABLE_CODE = YES;
				CLANG_WARN__DUPLICATE_METHOD_MATCH = YES;
				CODE_SIGN_IDENTITY = "iPhone Developer";
				COPY_PHASE_STRIP = NO;
				DEBUG_INFORMATION_FORMAT = dwarf;
				ENABLE_STRICT_OBJC_MSGSEND = YES;
				ENABLE_TESTABILITY = YES;
				GCC_C_LANGUAGE_STANDARD = gnu11;
				GCC_DYNAMIC_NO_PIC = NO;
				GCC_NO_COMMON_BLOCKS = YES;
				GCC_OPTIMIZATION_LEVEL = 0;
				GCC_PREPROCESSOR_DEFINITIONS = (
					"DEBUG=1",
					"$(inherited)",
				);
				GCC_WARN_64_TO_32_BIT_CONVERSION = YES;
				GCC_WARN_ABOUT_RETURN_TYPE = YES_ERROR;
				GCC_WARN_UNDECLARED_SELECTOR = YES;
				GCC_WARN_UNINITIALIZED_AUTOS = YES_AGGRESSIVE;
				GCC_WARN_UNUSED_FUNCTION = YES;
				GCC_WARN_UNUSED_VARIABLE = YES;
				IPHONEOS_DEPLOYMENT_TARGET = 11.3;
				MTL_ENABLE_DEBUG_INFO = YES;
				ONLY_ACTIVE_ARCH = YES;
				SDKROOT = iphoneos;
				SWIFT_ACTIVE_COMPILATION_CONDITIONS = DEBUG;
				SWIFT_OPTIMIZATION_LEVEL = "-Onone";
			};
			name = Debug;
		};
		68361EEF2A50346F0022A6D7 /* Release */ = {
			isa = XCBuildConfiguration;
			buildSettings = {
				ALWAYS_SEARCH_USER_PATHS = NO;
				CLANG_ANALYZER_NONNULL = YES;
				CLANG_ANALYZER_NUMBER_OBJECT_CONVERSION = YES_AGGRESSIVE;
				CLANG_CXX_LANGUAGE_STANDARD = "gnu++14";
				CLANG_CXX_LIBRARY = "libc++";
				CLANG_ENABLE_MODULES = YES;
				CLANG_ENABLE_OBJC_ARC = YES;
				CLANG_ENABLE_OBJC_WEAK = YES;
				CLANG_WARN_BLOCK_CAPTURE_AUTORELEASING = YES;
				CLANG_WARN_BOOL_CONVERSION = YES;
				CLANG_WARN_COMMA = YES;
				CLANG_WARN_CONSTANT_CONVERSION = YES;
				CLANG_WARN_DEPRECATED_OBJC_IMPLEMENTATIONS = YES;
				CLANG_WARN_DIRECT_OBJC_ISA_USAGE = YES_ERROR;
				CLANG_WARN_DOCUMENTATION_COMMENTS = YES;
				CLANG_WARN_EMPTY_BODY = YES;
				CLANG_WARN_ENUM_CONVERSION = YES;
				CLANG_WARN_INFINITE_RECURSION = YES;
				CLANG_WARN_INT_CONVERSION = YES;
				CLANG_WARN_NON_LITERAL_NULL_CONVERSION = YES;
				CLANG_WARN_OBJC_IMPLICIT_RETAIN_SELF = YES;
				CLANG_WARN_OBJC_LITERAL_CONVERSION = YES;
				CLANG_WARN_OBJC_ROOT_CLASS = YES_ERROR;
				CLANG_WARN_RANGE_LOOP_ANALYSIS = YES;
				CLANG_WARN_STRICT_PROTOTYPES = YES;
				CLANG_WARN_SUSPICIOUS_MOVE = YES;
				CLANG_WARN_UNGUARDED_AVAILABILITY = YES_AGGRESSIVE;
				CLANG_WARN_UNREACHABLE_CODE = YES;
				CLANG_WARN__DUPLICATE_METHOD_MATCH = YES;
				CODE_SIGN_IDENTITY = "iPhone Developer";
				COPY_PHASE_STRIP = NO;
				DEBUG_INFORMATION_FORMAT = "dwarf-with-dsym";
				ENABLE_NS_ASSERTIONS = NO;
				ENABLE_STRICT_OBJC_MSGSEND = YES;
				GCC_C_LANGUAGE_STANDARD = gnu11;
				GCC_NO_COMMON_BLOCKS = YES;
				GCC_WARN_64_TO_32_BIT_CONVERSION = YES;
				GCC_WARN_ABOUT_RETURN_TYPE = YES_ERROR;
				GCC_WARN_UNDECLARED_SELECTOR = YES;
				GCC_WARN_UNINITIALIZED_AUTOS = YES_AGGRESSIVE;
				GCC_WARN_UNUSED_FUNCTION = YES;
				GCC_WARN_UNUSED_VARIABLE = YES;
				IPHONEOS_DEPLOYMENT_TARGET = 11.3;
				MTL_ENABLE_DEBUG_INFO = NO;
				SDKROOT = iphoneos;
				SWIFT_COMPILATION_MODE = wholemodule;
				SWIFT_OPTIMIZATION_LEVEL = "-O";
				VALIDATE_PRODUCT = YES;
			};
			name = Release;
		};
		68361EF12A50346F0022A6D7 /* Debug */ = {
			isa = XCBuildConfiguration;
			buildSettings = {
				ASSETCATALOG_COMPILER_APPICON_NAME = AppIcon;
				CODE_SIGN_STYLE = Automatic;
				DEVELOPMENT_TEAM = N6L5BLLUF9;
				INFOPLIST_FILE = TechmentAssignment/Info.plist;
				LD_RUNPATH_SEARCH_PATHS = (
					"$(inherited)",
					"@executable_path/Frameworks",
				);
				PRODUCT_BUNDLE_IDENTIFIER = com.zaanga.TechmentAssignment;
				PRODUCT_NAME = "$(TARGET_NAME)";
				SWIFT_VERSION = 4.0;
				TARGETED_DEVICE_FAMILY = "1,2";
			};
			name = Debug;
		};
		68361EF22A50346F0022A6D7 /* Release */ = {
			isa = XCBuildConfiguration;
			buildSettings = {
				ASSETCATALOG_COMPILER_APPICON_NAME = AppIcon;
				CODE_SIGN_STYLE = Automatic;
				DEVELOPMENT_TEAM = N6L5BLLUF9;
				INFOPLIST_FILE = TechmentAssignment/Info.plist;
				LD_RUNPATH_SEARCH_PATHS = (
					"$(inherited)",
					"@executable_path/Frameworks",
				);
				PRODUCT_BUNDLE_IDENTIFIER = com.zaanga.TechmentAssignment;
				PRODUCT_NAME = "$(TARGET_NAME)";
				SWIFT_VERSION = 4.0;
				TARGETED_DEVICE_FAMILY = "1,2";
			};
			name = Release;
		};
		68361EF42A50346F0022A6D7 /* Debug */ = {
			isa = XCBuildConfiguration;
			buildSettings = {
				ALWAYS_EMBED_SWIFT_STANDARD_LIBRARIES = YES;
				BUNDLE_LOADER = "$(TEST_HOST)";
				CODE_SIGN_STYLE = Automatic;
				DEVELOPMENT_TEAM = N6L5BLLUF9;
				INFOPLIST_FILE = TechmentAssignmentTests/Info.plist;
				LD_RUNPATH_SEARCH_PATHS = (
					"$(inherited)",
					"@executable_path/Frameworks",
					"@loader_path/Frameworks",
				);
				PRODUCT_BUNDLE_IDENTIFIER = com.zaanga.TechmentAssignmentTests;
				PRODUCT_NAME = "$(TARGET_NAME)";
				SWIFT_VERSION = 4.0;
				TARGETED_DEVICE_FAMILY = "1,2";
				TEST_HOST = "$(BUILT_PRODUCTS_DIR)/TechmentAssignment.app/TechmentAssignment";
			};
			name = Debug;
		};
		68361EF52A50346F0022A6D7 /* Release */ = {
			isa = XCBuildConfiguration;
			buildSettings = {
				ALWAYS_EMBED_SWIFT_STANDARD_LIBRARIES = YES;
				BUNDLE_LOADER = "$(TEST_HOST)";
				CODE_SIGN_STYLE = Automatic;
				DEVELOPMENT_TEAM = N6L5BLLUF9;
				INFOPLIST_FILE = TechmentAssignmentTests/Info.plist;
				LD_RUNPATH_SEARCH_PATHS = (
					"$(inherited)",
					"@executable_path/Frameworks",
					"@loader_path/Frameworks",
				);
				PRODUCT_BUNDLE_IDENTIFIER = com.zaanga.TechmentAssignmentTests;
				PRODUCT_NAME = "$(TARGET_NAME)";
				SWIFT_VERSION = 4.0;
				TARGETED_DEVICE_FAMILY = "1,2";
				TEST_HOST = "$(BUILT_PRODUCTS_DIR)/TechmentAssignment.app/TechmentAssignment";
			};
			name = Release;
		};
		68361EF72A50346F0022A6D7 /* Debug */ = {
			isa = XCBuildConfiguration;
			buildSettings = {
				ALWAYS_EMBED_SWIFT_STANDARD_LIBRARIES = YES;
				CODE_SIGN_STYLE = Automatic;
				DEVELOPMENT_TEAM = N6L5BLLUF9;
				INFOPLIST_FILE = TechmentAssignmentUITests/Info.plist;
				LD_RUNPATH_SEARCH_PATHS = (
					"$(inherited)",
					"@executable_path/Frameworks",
					"@loader_path/Frameworks",
				);
				PRODUCT_BUNDLE_IDENTIFIER = com.zaanga.TechmentAssignmentUITests;
				PRODUCT_NAME = "$(TARGET_NAME)";
				SWIFT_VERSION = 4.0;
				TARGETED_DEVICE_FAMILY = "1,2";
				TEST_TARGET_NAME = TechmentAssignment;
			};
			name = Debug;
		};
		68361EF82A50346F0022A6D7 /* Release */ = {
			isa = XCBuildConfiguration;
			buildSettings = {
				ALWAYS_EMBED_SWIFT_STANDARD_LIBRARIES = YES;
				CODE_SIGN_STYLE = Automatic;
				DEVELOPMENT_TEAM = N6L5BLLUF9;
				INFOPLIST_FILE = TechmentAssignmentUITests/Info.plist;
				LD_RUNPATH_SEARCH_PATHS = (
					"$(inherited)",
					"@executable_path/Frameworks",
					"@loader_path/Frameworks",
				);
				PRODUCT_BUNDLE_IDENTIFIER = com.zaanga.TechmentAssignmentUITests;
				PRODUCT_NAME = "$(TARGET_NAME)";
				SWIFT_VERSION = 4.0;
				TARGETED_DEVICE_FAMILY = "1,2";
				TEST_TARGET_NAME = TechmentAssignment;
			};
			name = Release;
		};
/* End XCBuildConfiguration section */

/* Begin XCConfigurationList section */
		68361EC02A5034630022A6D7 /* Build configuration list for PBXProject "TechmentAssignment" */ = {
			isa = XCConfigurationList;
			buildConfigurations = (
				68361EEE2A50346F0022A6D7 /* Debug */,
				68361EEF2A50346F0022A6D7 /* Release */,
			);
			defaultConfigurationIsVisible = 0;
			defaultConfigurationName = Release;
		};
		68361EF02A50346F0022A6D7 /* Build configuration list for PBXNativeTarget "TechmentAssignment" */ = {
			isa = XCConfigurationList;
			buildConfigurations = (
				68361EF12A50346F0022A6D7 /* Debug */,
				68361EF22A50346F0022A6D7 /* Release */,
			);
			defaultConfigurationIsVisible = 0;
			defaultConfigurationName = Release;
		};
		68361EF32A50346F0022A6D7 /* Build configuration list for PBXNativeTarget "TechmentAssignmentTests" */ = {
			isa = XCConfigurationList;
			buildConfigurations = (
				68361EF42A50346F0022A6D7 /* Debug */,
				68361EF52A50346F0022A6D7 /* Release */,
			);
			defaultConfigurationIsVisible = 0;
			defaultConfigurationName = Release;
		};
		68361EF62A50346F0022A6D7 /* Build configuration list for PBXNativeTarget "TechmentAssignmentUITests" */ = {
			isa = XCConfigurationList;
			buildConfigurations = (
				68361EF72A50346F0022A6D7 /* Debug */,
				68361EF82A50346F0022A6D7 /* Release */,
			);
			defaultConfigurationIsVisible = 0;
			defaultConfigurationName = Release;
		};
/* End XCConfigurationList section */

/* Begin XCVersionGroup section */
		68361ECF2A5034630022A6D7 /* TechmentAssignment.xcdatamodeld */ = {
			isa = XCVersionGroup;
			children = (
				68361ED02A5034630022A6D7 /* TechmentAssignment.xcdatamodel */,
			);
			currentVersion = 68361ED02A5034630022A6D7 /* TechmentAssignment.xcdatamodel */;
			path = TechmentAssignment.xcdatamodeld;
			sourceTree = "<group>";
			versionGroupType = wrapper.xcdatamodel;
		};
/* End XCVersionGroup section */
	};
	rootObject = 68361EBD2A5034630022A6D7 /* Project object */;
}
